dependencies:
- name: postgresql
  repository: https://charts.bitnami.com/bitnami
  version: 16.7.4
- name: valkey
  repository: https://charts.bitnami.com/bitnami
  version: 3.0.4
- name: minio
  repository: https://charts.bitnami.com/bitnami
  version: 16.0.10
digest: sha256:a5b36038a8fdf527e34525caabad42356221b3e14d4da0309d5125c7d3ec9a40
generated: "2025-05-18T21:01:36.880695+02:00"
